
Microsoft Visual Studio Solution File, Format Version 12.00
Project("{FAE04EC0-301F-11D3-BF4B-00C04F79EFBC}") = "Backend", "Backend\Backend.csproj", "{379A1E50-2392-46D0-8246-30C61969F82C}"
EndProject
Project("{FAE04EC0-301F-11D3-BF4B-00C04F79EFBC}") = "Common", "Common\Common.csproj", "{50140CD1-C1B7-4A73-8D1F-70C6A92AA58C}"
EndProject
Project("{FAE04EC0-301F-11D3-BF4B-00C04F79EFBC}") = "Analysers", "Analysers\Analysers\Analysers.csproj", "{C2B27D10-468D-43A1-BE49-9DC5CFC0F6CD}"
EndProject
Project("{FAE04EC0-301F-11D3-BF4B-00C04F79EFBC}") = "Analysers.Tests", "Analysers\Analysers.Tests\Analysers.Tests.csproj", "{39951F57-43EC-4211-8964-9D83A46090D9}"
EndProject
Project("{FAE04EC0-301F-11D3-BF4B-00C04F79EFBC}") = "Analysers.Attributes", "Analysers.Attributes\Analysers.Attributes.csproj", "{44773679-CAFB-4EB2-B6CF-F8B2FED3C1B3}"
EndProject
Project("{FAE04EC0-301F-11D3-BF4B-00C04F79EFBC}") = "Dashboard", "Dashboard\Dashboard.csproj", "{8B41926F-A670-4EAA-BC52-3F412D301CDC}"
EndProject
Project("{FAE04EC0-301F-11D3-BF4B-00C04F79EFBC}") = "Frontend", "Frontend\Frontend.csproj", "{FC52CF1D-270F-4948-A212-C8E91E36E16E}"
EndProject
Project("{2150E333-8FDC-42A3-9474-1A3956D46DE8}") = "Web", "Web", "{6C9D0397-9471-43A3-AC7A-40F2CB96E903}"
EndProject
Project("{FAE04EC0-301F-11D3-BF4B-00C04F79EFBC}") = "Tests", "Tests\Tests.csproj", "{2D90D8F4-2C04-47F1-BD90-DA7723C312F4}"
EndProject
Project("{FAE04EC0-301F-11D3-BF4B-00C04F79EFBC}") = "AppHost", "AppHost\AppHost.csproj", "{9716B66A-F679-4674-B728-4AC1D24A30B4}"
EndProject
Project("{2150E333-8FDC-42A3-9474-1A3956D46DE8}") = "Meta", "Meta", "{556568B7-3293-4E88-95C3-4BB386D8A728}"
EndProject
Project("{FAE04EC0-301F-11D3-BF4B-00C04F79EFBC}") = "Discord.OAuth", "Discord.OAuth\Discord.OAuth.csproj", "{AA962224-1D01-4D80-8ABE-E0CF6A2DD298}"
EndProject
Project("{FAE04EC0-301F-11D3-BF4B-00C04F79EFBC}") = "ServiceDefaults", "ServiceDefaults\ServiceDefaults.csproj", "{474E715B-D0E9-44CF-811A-D644768C6C8F}"
EndProject
Project("{FAE04EC0-301F-11D3-BF4B-00C04F79EFBC}") = "Bot", "Bot\Bot.csproj", "{EA7BC152-1DCF-4AF5-9EF1-836CF2927776}"
EndProject
Project("{FAE04EC0-301F-11D3-BF4B-00C04F79EFBC}") = "Backend.Api", "Backend.Api\Backend.Api.csproj", "{65E4E5B6-999C-437A-B5C0-03C5F137404A}"
EndProject
Project("{2150E333-8FDC-42A3-9474-1A3956D46DE8}") = "Shared", "Shared", "{C310E406-C413-44CA-AEEC-4F9E7A716C17}"
EndProject
Project("{FAE04EC0-301F-11D3-BF4B-00C04F79EFBC}") = "Backend.Event", "Backend.Event\Backend.Event.csproj", "{26CD4935-D08A-4637-93BC-729433F18B35}"
EndProject
Global
	GlobalSection(SolutionConfigurationPlatforms) = preSolution
		Debug|Any CPU = Debug|Any CPU
		Release|Any CPU = Release|Any CPU
	EndGlobalSection
	GlobalSection(ProjectConfigurationPlatforms) = postSolution
		{379A1E50-2392-46D0-8246-30C61969F82C}.Debug|Any CPU.ActiveCfg = Debug|Any CPU
		{379A1E50-2392-46D0-8246-30C61969F82C}.Debug|Any CPU.Build.0 = Debug|Any CPU
		{379A1E50-2392-46D0-8246-30C61969F82C}.Release|Any CPU.ActiveCfg = Release|Any CPU
		{379A1E50-2392-46D0-8246-30C61969F82C}.Release|Any CPU.Build.0 = Release|Any CPU
		{50140CD1-C1B7-4A73-8D1F-70C6A92AA58C}.Debug|Any CPU.ActiveCfg = Debug|Any CPU
		{50140CD1-C1B7-4A73-8D1F-70C6A92AA58C}.Debug|Any CPU.Build.0 = Debug|Any CPU
		{50140CD1-C1B7-4A73-8D1F-70C6A92AA58C}.Release|Any CPU.ActiveCfg = Release|Any CPU
		{50140CD1-C1B7-4A73-8D1F-70C6A92AA58C}.Release|Any CPU.Build.0 = Release|Any CPU
		{C2B27D10-468D-43A1-BE49-9DC5CFC0F6CD}.Debug|Any CPU.ActiveCfg = Debug|Any CPU
		{C2B27D10-468D-43A1-BE49-9DC5CFC0F6CD}.Debug|Any CPU.Build.0 = Debug|Any CPU
		{C2B27D10-468D-43A1-BE49-9DC5CFC0F6CD}.Release|Any CPU.ActiveCfg = Release|Any CPU
		{C2B27D10-468D-43A1-BE49-9DC5CFC0F6CD}.Release|Any CPU.Build.0 = Release|Any CPU
		{39951F57-43EC-4211-8964-9D83A46090D9}.Debug|Any CPU.ActiveCfg = Debug|Any CPU
		{39951F57-43EC-4211-8964-9D83A46090D9}.Debug|Any CPU.Build.0 = Debug|Any CPU
		{39951F57-43EC-4211-8964-9D83A46090D9}.Release|Any CPU.ActiveCfg = Release|Any CPU
		{39951F57-43EC-4211-8964-9D83A46090D9}.Release|Any CPU.Build.0 = Release|Any CPU
		{44773679-CAFB-4EB2-B6CF-F8B2FED3C1B3}.Debug|Any CPU.ActiveCfg = Debug|Any CPU
		{44773679-CAFB-4EB2-B6CF-F8B2FED3C1B3}.Debug|Any CPU.Build.0 = Debug|Any CPU
		{44773679-CAFB-4EB2-B6CF-F8B2FED3C1B3}.Release|Any CPU.ActiveCfg = Release|Any CPU
		{44773679-CAFB-4EB2-B6CF-F8B2FED3C1B3}.Release|Any CPU.Build.0 = Release|Any CPU
		{8B41926F-A670-4EAA-BC52-3F412D301CDC}.Debug|Any CPU.ActiveCfg = Debug|Any CPU
		{8B41926F-A670-4EAA-BC52-3F412D301CDC}.Debug|Any CPU.Build.0 = Debug|Any CPU
		{8B41926F-A670-4EAA-BC52-3F412D301CDC}.Release|Any CPU.ActiveCfg = Release|Any CPU
		{8B41926F-A670-4EAA-BC52-3F412D301CDC}.Release|Any CPU.Build.0 = Release|Any CPU
		{FC52CF1D-270F-4948-A212-C8E91E36E16E}.Debug|Any CPU.ActiveCfg = Debug|Any CPU
		{FC52CF1D-270F-4948-A212-C8E91E36E16E}.Debug|Any CPU.Build.0 = Debug|Any CPU
		{FC52CF1D-270F-4948-A212-C8E91E36E16E}.Release|Any CPU.ActiveCfg = Release|Any CPU
		{FC52CF1D-270F-4948-A212-C8E91E36E16E}.Release|Any CPU.Build.0 = Release|Any CPU
		{2D90D8F4-2C04-47F1-BD90-DA7723C312F4}.Debug|Any CPU.ActiveCfg = Debug|Any CPU
		{2D90D8F4-2C04-47F1-BD90-DA7723C312F4}.Debug|Any CPU.Build.0 = Debug|Any CPU
		{2D90D8F4-2C04-47F1-BD90-DA7723C312F4}.Release|Any CPU.ActiveCfg = Release|Any CPU
		{2D90D8F4-2C04-47F1-BD90-DA7723C312F4}.Release|Any CPU.Build.0 = Release|Any CPU
		{9716B66A-F679-4674-B728-4AC1D24A30B4}.Debug|Any CPU.ActiveCfg = Debug|Any CPU
		{9716B66A-F679-4674-B728-4AC1D24A30B4}.Debug|Any CPU.Build.0 = Debug|Any CPU
		{9716B66A-F679-4674-B728-4AC1D24A30B4}.Release|Any CPU.ActiveCfg = Release|Any CPU
		{9716B66A-F679-4674-B728-4AC1D24A30B4}.Release|Any CPU.Build.0 = Release|Any CPU
		{AA962224-1D01-4D80-8ABE-E0CF6A2DD298}.Debug|Any CPU.ActiveCfg = Debug|Any CPU
		{AA962224-1D01-4D80-8ABE-E0CF6A2DD298}.Debug|Any CPU.Build.0 = Debug|Any CPU
		{AA962224-1D01-4D80-8ABE-E0CF6A2DD298}.Release|Any CPU.ActiveCfg = Release|Any CPU
		{AA962224-1D01-4D80-8ABE-E0CF6A2DD298}.Release|Any CPU.Build.0 = Release|Any CPU
		{474E715B-D0E9-44CF-811A-D644768C6C8F}.Debug|Any CPU.ActiveCfg = Debug|Any CPU
		{474E715B-D0E9-44CF-811A-D644768C6C8F}.Debug|Any CPU.Build.0 = Debug|Any CPU
		{474E715B-D0E9-44CF-811A-D644768C6C8F}.Release|Any CPU.ActiveCfg = Release|Any CPU
		{474E715B-D0E9-44CF-811A-D644768C6C8F}.Release|Any CPU.Build.0 = Release|Any CPU
		{EA7BC152-1DCF-4AF5-9EF1-836CF2927776}.Debug|Any CPU.ActiveCfg = Debug|Any CPU
		{EA7BC152-1DCF-4AF5-9EF1-836CF2927776}.Debug|Any CPU.Build.0 = Debug|Any CPU
		{EA7BC152-1DCF-4AF5-9EF1-836CF2927776}.Release|Any CPU.ActiveCfg = Release|Any CPU
		{EA7BC152-1DCF-4AF5-9EF1-836CF2927776}.Release|Any CPU.Build.0 = Release|Any CPU
		{65E4E5B6-999C-437A-B5C0-03C5F137404A}.Debug|Any CPU.ActiveCfg = Debug|Any CPU
		{65E4E5B6-999C-437A-B5C0-03C5F137404A}.Debug|Any CPU.Build.0 = Debug|Any CPU
		{65E4E5B6-999C-437A-B5C0-03C5F137404A}.Release|Any CPU.ActiveCfg = Release|Any CPU
		{65E4E5B6-999C-437A-B5C0-03C5F137404A}.Release|Any CPU.Build.0 = Release|Any CPU
		{26CD4935-D08A-4637-93BC-729433F18B35}.Debug|Any CPU.ActiveCfg = Debug|Any CPU
		{26CD4935-D08A-4637-93BC-729433F18B35}.Debug|Any CPU.Build.0 = Debug|Any CPU
		{26CD4935-D08A-4637-93BC-729433F18B35}.Release|Any CPU.ActiveCfg = Release|Any CPU
		{26CD4935-D08A-4637-93BC-729433F18B35}.Release|Any CPU.Build.0 = Release|Any CPU
	EndGlobalSection
	GlobalSection(NestedProjects) = preSolution
		{8B41926F-A670-4EAA-BC52-3F412D301CDC} = {6C9D0397-9471-43A3-AC7A-40F2CB96E903}
		{FC52CF1D-270F-4948-A212-C8E91E36E16E} = {6C9D0397-9471-43A3-AC7A-40F2CB96E903}
		{379A1E50-2392-46D0-8246-30C61969F82C} = {6C9D0397-9471-43A3-AC7A-40F2CB96E903}
		{C2B27D10-468D-43A1-BE49-9DC5CFC0F6CD} = {556568B7-3293-4E88-95C3-4BB386D8A728}
		{44773679-CAFB-4EB2-B6CF-F8B2FED3C1B3} = {556568B7-3293-4E88-95C3-4BB386D8A728}
		{39951F57-43EC-4211-8964-9D83A46090D9} = {556568B7-3293-4E88-95C3-4BB386D8A728}
		{2D90D8F4-2C04-47F1-BD90-DA7723C312F4} = {556568B7-3293-4E88-95C3-4BB386D8A728}
		{65E4E5B6-999C-437A-B5C0-03C5F137404A} = {C310E406-C413-44CA-AEEC-4F9E7A716C17}
		{50140CD1-C1B7-4A73-8D1F-70C6A92AA58C} = {C310E406-C413-44CA-AEEC-4F9E7A716C17}
		{474E715B-D0E9-44CF-811A-D644768C6C8F} = {C310E406-C413-44CA-AEEC-4F9E7A716C17}
		{26CD4935-D08A-4637-93BC-729433F18B35} = {C310E406-C413-44CA-AEEC-4F9E7A716C17}
	EndGlobalSection
EndGlobal
